{
  "lockfileVersion": 1,
  "configVersion": 1,
  "workspaces": {
    "": {
      "name": "rgql",
      "dependencies": {
        "chalk": "^5.6.2",
        "commander": "^14.0.3",
        "graphql": "^16.13.2",
        "graphql-config": "^5.1.6",
        "ts-morph": "^27.0.2",
      },
      "devDependencies": {
        "@types/bun": "latest",
        "@types/node": "^25.5.0",
        "oxlint": "^1.57.0",
      },
      "peerDependencies": {
        "typescript": "^5",
      },
    },
  },
  "packages": {
    "@babel/code-frame": ["@babel/code-frame@7.29.0", "", { "dependencies": { "@babel/helper-validator-identifier": "^7.28.5", "js-tokens": "^4.0.0", "picocolors": "^1.1.1" } }, "sha512-9NhCeYjq9+3uxgdtp20LSiJXJvN0FeCtNGpJxuMFZ1Kv3cWUNb6DOhJwUvcVCzKGR66cw4njwM6hrJLqgOwbcw=="],

    "@babel/helper-validator-identifier": ["@babel/helper-validator-identifier@7.28.5", "", {}, "sha512-qSs4ifwzKJSV39ucNjsvc6WVHs6b7S03sOh2OcHF9UHfVPqWWALUsNUVzhSBiItjRZoLHx7nIarVjqKVusUZ1Q=="],

    "@envelop/core": ["@envelop/core@5.5.1", "", { "dependencies": { "@envelop/instrumentation": "^1.0.0", "@envelop/types": "^5.2.1", "@whatwg-node/promise-helpers": "^1.2.4", "tslib": "^2.5.0" } }, "sha512-3DQg8sFskDo386TkL5j12jyRAdip/8yzK3x7YGbZBgobZ4aKXrvDU0GppU0SnmrpQnNaiTUsxBs9LKkwQ/eyvw=="],

    "@envelop/instrumentation": ["@envelop/instrumentation@1.0.0", "", { "dependencies": { "@whatwg-node/promise-helpers": "^1.2.1", "tslib": "^2.5.0" } }, "sha512-cxgkB66RQB95H3X27jlnxCRNTmPuSTgmBAq6/4n2Dtv4hsk4yz8FadA1ggmd0uZzvKqWD6CR+WFgTjhDqg7eyw=="],

    "@envelop/types": ["@envelop/types@5.2.1", "", { "dependencies": { "@whatwg-node/promise-helpers": "^1.0.0", "tslib": "^2.5.0" } }, "sha512-CsFmA3u3c2QoLDTfEpGr4t25fjMU31nyvse7IzWTvb0ZycuPjMjb0fjlheh+PbhBYb9YLugnT2uY6Mwcg1o+Zg=="],

    "@fastify/busboy": ["@fastify/busboy@3.2.0", "", {}, "sha512-m9FVDXU3GT2ITSe0UaMA5rU3QkfC/UXtCU8y0gSN/GugTqtVldOBWIB5V6V3sbmenVZUIpU6f+mPEO2+m5iTaA=="],

    "@graphql-hive/signal": ["@graphql-hive/signal@2.0.0", "", {}, "sha512-Pz8wB3K0iU6ae9S1fWfsmJX24CcGeTo6hE7T44ucmV/ALKRj+bxClmqrYcDT7v3f0d12Rh4FAXBb6gon+WkDpQ=="],

    "@graphql-tools/batch-execute": ["@graphql-tools/batch-execute@10.0.7", "", { "dependencies": { "@graphql-tools/utils": "^11.0.0", "@whatwg-node/promise-helpers": "^1.3.2", "dataloader": "^2.2.3", "tslib": "^2.8.1" }, "peerDependencies": { "graphql": "^14.0.0 || ^15.0.0 || ^16.0.0 || ^17.0.0" } }, "sha512-vKo9XUiy2sc5tzMupXoxZbu5afVY/9yJ0+yLrM5Dhh38yHYULf3z9VC1eAwW0kj8pWpOo8d8CV3jpleGwv83PA=="],

    "@graphql-tools/delegate": ["@graphql-tools/delegate@12.0.12", "", { "dependencies": { "@graphql-tools/batch-execute": "^10.0.7", "@graphql-tools/executor": "^1.4.13", "@graphql-tools/schema": "^10.0.29", "@graphql-tools/utils": "^11.0.0", "@repeaterjs/repeater": "^3.0.6", "@whatwg-node/promise-helpers": "^1.3.2", "dataloader": "^2.2.3", "tslib": "^2.8.1" }, "peerDependencies": { "graphql": "^14.0.0 || ^15.0.0 || ^16.0.0 || ^17.0.0" } }, "sha512-/vgLWhIwm+Mgo5VUOJQj6EOpaxXRQmA7mk8j6/8vBbPi56LoYA/UPRygcpEnm9EuXTspFKCTBil+xqThU3EmqQ=="],

    "@graphql-tools/executor": ["@graphql-tools/executor@1.5.1", "", { "dependencies": { "@graphql-tools/utils": "^11.0.0", "@graphql-typed-document-node/core": "^3.2.0", "@repeaterjs/repeater": "^3.0.4", "@whatwg-node/disposablestack": "^0.0.6", "@whatwg-node/promise-helpers": "^1.0.0", "tslib": "^2.4.0" }, "peerDependencies": { "graphql": "^14.0.0 || ^15.0.0 || ^16.0.0 || ^17.0.0" } }, "sha512-n94Qcu875Mji9GQ52n5UbgOTxlgvFJicBPYD+FRks9HKIQpdNPjkkrKZUYNG51XKa+bf03rxNflm4+wXhoHHrA=="],

    "@graphql-tools/executor-common": ["@graphql-tools/executor-common@1.0.6", "", { "dependencies": { "@envelop/core": "^5.4.0", "@graphql-tools/utils": "^11.0.0" }, "peerDependencies": { "graphql": "^14.0.0 || ^15.0.0 || ^16.0.0 || ^17.0.0" } }, "sha512-23/K5C+LSlHDI0mj2SwCJ33RcELCcyDUgABm1Z8St7u/4Z5+95i925H/NAjUyggRjiaY8vYtNiMOPE49aPX1sg=="],

    "@graphql-tools/executor-graphql-ws": ["@graphql-tools/executor-graphql-ws@3.1.5", "", { "dependencies": { "@graphql-tools/executor-common": "^1.0.6", "@graphql-tools/utils": "^11.0.0", "@whatwg-node/disposablestack": "^0.0.6", "graphql-ws": "^6.0.6", "isows": "^1.0.7", "tslib": "^2.8.1", "ws": "^8.18.3" }, "peerDependencies": { "graphql": "^14.0.0 || ^15.0.0 || ^16.0.0 || ^17.0.0" } }, "sha512-WXRsfwu9AkrORD9nShrd61OwwxeQ5+eXYcABRR3XPONFIS8pWQfDJGGqxql9/227o/s0DV5SIfkBURb5Knzv+A=="],

    "@graphql-tools/executor-http": ["@graphql-tools/executor-http@3.1.1", "", { "dependencies": { "@graphql-hive/signal": "^2.0.0", "@graphql-tools/executor-common": "^1.0.6", "@graphql-tools/utils": "^11.0.0", "@repeaterjs/repeater": "^3.0.4", "@whatwg-node/disposablestack": "^0.0.6", "@whatwg-node/fetch": "^0.10.13", "@whatwg-node/promise-helpers": "^1.3.2", "meros": "^1.3.2", "tslib": "^2.8.1" }, "peerDependencies": { "graphql": "^14.0.0 || ^15.0.0 || ^16.0.0 || ^17.0.0" } }, "sha512-Le57fMdN7nGBp8XddkpGreCzcPGCZ+uHs1kPw/xMKPJMsn/vZUHbWJ0FY0cb0jfE3OVhbMIjjSe/OHlG3Mm3zw=="],

    "@graphql-tools/executor-legacy-ws": ["@graphql-tools/executor-legacy-ws@1.1.25", "", { "dependencies": { "@graphql-tools/utils": "^11.0.0", "@types/ws": "^8.0.0", "isomorphic-ws": "^5.0.0", "tslib": "^2.4.0", "ws": "^8.19.0" }, "peerDependencies": { "graphql": "^14.0.0 || ^15.0.0 || ^16.0.0 || ^17.0.0" } }, "sha512-6uf4AEXO0QMxJ7AWKVPqEZXgYBJaiz5vf29X0boG8QtcqWy8mqkXKWLND2Swdx0SbEx0efoGFcjuKufUcB0ASQ=="],

    "@graphql-tools/graphql-file-loader": ["@graphql-tools/graphql-file-loader@8.1.12", "", { "dependencies": { "@graphql-tools/import": "^7.1.12", "@graphql-tools/utils": "^11.0.0", "globby": "^11.0.3", "tslib": "^2.4.0", "unixify": "^1.0.0" }, "peerDependencies": { "graphql": "^14.0.0 || ^15.0.0 || ^16.0.0 || ^17.0.0" } }, "sha512-Nma7gBgJoUbqXWTmdHjouo36tjzewA8MptVcHoH7widzkciaUVzBhriHzqICFB/dVxig//g9MX8s1XawZo7UAg=="],

    "@graphql-tools/import": ["@graphql-tools/import@7.1.12", "", { "dependencies": { "@graphql-tools/utils": "^11.0.0", "resolve-from": "5.0.0", "tslib": "^2.4.0" }, "peerDependencies": { "graphql": "^14.0.0 || ^15.0.0 || ^16.0.0 || ^17.0.0" } }, "sha512-QSsdPsdJ7yCgQ5XODyKYpC7NlB9R1Koi0R3418PT7GiRm+9O8gYXSs/23dumcOnpiLrnf4qR2aytBn1+JOAhnA=="],

    "@graphql-tools/json-file-loader": ["@graphql-tools/json-file-loader@8.0.26", "", { "dependencies": { "@graphql-tools/utils": "^11.0.0", "globby": "^11.0.3", "tslib": "^2.4.0", "unixify": "^1.0.0" }, "peerDependencies": { "graphql": "^14.0.0 || ^15.0.0 || ^16.0.0 || ^17.0.0" } }, "sha512-kwy9IFi5QtXXTLBgWkvA1RqsZeJDn0CxsTbhNlziCzmga9fNo7qtZ18k9FYIq3EIoQQlok+b7W7yeyJATA2xhw=="],

    "@graphql-tools/load": ["@graphql-tools/load@8.1.8", "", { "dependencies": { "@graphql-tools/schema": "^10.0.31", "@graphql-tools/utils": "^11.0.0", "p-limit": "3.1.0", "tslib": "^2.4.0" }, "peerDependencies": { "graphql": "^14.0.0 || ^15.0.0 || ^16.0.0 || ^17.0.0" } }, "sha512-gxO662b64qZSToK3N6XUxWG5E6HOUjlg5jEnmGvD4bMtGJ0HwEe/BaVZbBQemCfLkxYjwRIBiVfOY9o0JyjZJg=="],

    "@graphql-tools/merge": ["@graphql-tools/merge@9.1.7", "", { "dependencies": { "@graphql-tools/utils": "^11.0.0", "tslib": "^2.4.0" }, "peerDependencies": { "graphql": "^14.0.0 || ^15.0.0 || ^16.0.0 || ^17.0.0" } }, "sha512-Y5E1vTbTabvcXbkakdFUt4zUIzB1fyaEnVmIWN0l0GMed2gdD01TpZWLUm4RNAxpturvolrb24oGLQrBbPLSoQ=="],

    "@graphql-tools/schema": ["@graphql-tools/schema@10.0.31", "", { "dependencies": { "@graphql-tools/merge": "^9.1.7", "@graphql-tools/utils": "^11.0.0", "tslib": "^2.4.0" }, "peerDependencies": { "graphql": "^14.0.0 || ^15.0.0 || ^16.0.0 || ^17.0.0" } }, "sha512-ZewRgWhXef6weZ0WiP7/MV47HXiuFbFpiDUVLQl6mgXsWSsGELKFxQsyUCBos60Qqy1JEFAIu3Ns6GGYjGkqkQ=="],

    "@graphql-tools/url-loader": ["@graphql-tools/url-loader@9.0.6", "", { "dependencies": { "@graphql-tools/executor-graphql-ws": "^3.1.2", "@graphql-tools/executor-http": "^3.0.6", "@graphql-tools/executor-legacy-ws": "^1.1.25", "@graphql-tools/utils": "^11.0.0", "@graphql-tools/wrap": "^11.1.1", "@types/ws": "^8.0.0", "@whatwg-node/fetch": "^0.10.13", "@whatwg-node/promise-helpers": "^1.0.0", "isomorphic-ws": "^5.0.0", "sync-fetch": "0.6.0", "tslib": "^2.4.0", "ws": "^8.19.0" }, "peerDependencies": { "graphql": "^14.0.0 || ^15.0.0 || ^16.0.0 || ^17.0.0" } }, "sha512-QdJI3f7ANDMYfYazRgJzzybznjOrQAOuDXweC9xmKgPZoTqNxEAsatiy69zcpTf6092taJLyrqRH6R7xUTzf4A=="],

    "@graphql-tools/utils": ["@graphql-tools/utils@11.0.0", "", { "dependencies": { "@graphql-typed-document-node/core": "^3.1.1", "@whatwg-node/promise-helpers": "^1.0.0", "cross-inspect": "1.0.1", "tslib": "^2.4.0" }, "peerDependencies": { "graphql": "^14.0.0 || ^15.0.0 || ^16.0.0 || ^17.0.0" } }, "sha512-bM1HeZdXA2C3LSIeLOnH/bcqSgbQgKEDrjxODjqi3y58xai2TkNrtYcQSoWzGbt9VMN1dORGjR7Vem8SPnUFQA=="],

    "@graphql-tools/wrap": ["@graphql-tools/wrap@11.1.12", "", { "dependencies": { "@graphql-tools/delegate": "^12.0.12", "@graphql-tools/schema": "^10.0.29", "@graphql-tools/utils": "^11.0.0", "@whatwg-node/promise-helpers": "^1.3.2", "tslib": "^2.8.1" }, "peerDependencies": { "graphql": "^14.0.0 || ^15.0.0 || ^16.0.0 || ^17.0.0" } }, "sha512-PJ0tuiGbEOOZAJk2/pTKyzMEbwBncPBfO7Z84tCPzM/CAR4ZlAXbXjaXOw4fdi0ReUDyOG06Z8DGgEQjr68dKw=="],

    "@graphql-typed-document-node/core": ["@graphql-typed-document-node/core@3.2.0", "", { "peerDependencies": { "graphql": "^0.8.0 || ^0.9.0 || ^0.10.0 || ^0.11.0 || ^0.12.0 || ^0.13.0 || ^14.0.0 || ^15.0.0 || ^16.0.0 || ^17.0.0" } }, "sha512-mB9oAsNCm9aM3/SOv4YtBMqZbYj10R7dkq8byBqxGY/ncFwhf2oQzMV+LCRlWoDSEBJ3COiR1yeDvMtsoOsuFQ=="],

    "@nodelib/fs.scandir": ["@nodelib/fs.scandir@2.1.5", "", { "dependencies": { "@nodelib/fs.stat": "2.0.5", "run-parallel": "^1.1.9" } }, "sha512-vq24Bq3ym5HEQm2NKCr3yXDwjc7vTsEThRDnkp2DK9p1uqLR+DHurm/NOTo0KG7HYHU7eppKZj3MyqYuMBf62g=="],

    "@nodelib/fs.stat": ["@nodelib/fs.stat@2.0.5", "", {}, "sha512-RkhPPp2zrqDAQA/2jNhnztcPAlv64XdhIp7a7454A5ovI7Bukxgt7MX7udwAu3zg1DcpPU0rz3VV1SeaqvY4+A=="],

    "@nodelib/fs.walk": ["@nodelib/fs.walk@1.2.8", "", { "dependencies": { "@nodelib/fs.scandir": "2.1.5", "fastq": "^1.6.0" } }, "sha512-oGB+UxlgWcgQkgwo8GcEGwemoTFt3FIO9ababBmaGwXIoBKZ+GTy0pP185beGg7Llih/NSHSV2XAs1lnznocSg=="],

    "@oxlint/binding-android-arm-eabi": ["@oxlint/binding-android-arm-eabi@1.57.0", "", { "os": "android", "cpu": "arm" }, "sha512-C7EiyfAJG4B70496eV543nKiq5cH0o/xIh/ufbjQz3SIvHhlDDsyn+mRFh+aW8KskTyUpyH2LGWL8p2oN6bl1A=="],

    "@oxlint/binding-android-arm64": ["@oxlint/binding-android-arm64@1.57.0", "", { "os": "android", "cpu": "arm64" }, "sha512-9i80AresjZ/FZf5xK8tKFbhQnijD4s1eOZw6/FHUwD59HEZbVLRc2C88ADYJfLZrF5XofWDiRX/Ja9KefCLy7w=="],

    "@oxlint/binding-darwin-arm64": ["@oxlint/binding-darwin-arm64@1.57.0", "", { "os": "darwin", "cpu": "arm64" }, "sha512-0eUfhRz5L2yKa9I8k3qpyl37XK3oBS5BvrgdVIx599WZK63P8sMbg+0s4IuxmIiZuBK68Ek+Z+gcKgeYf0otsg=="],

    "@oxlint/binding-darwin-x64": ["@oxlint/binding-darwin-x64@1.57.0", "", { "os": "darwin", "cpu": "x64" }, "sha512-UvrSuzBaYOue+QMAcuDITe0k/Vhj6KZGjfnI6x+NkxBTke/VoM7ZisaxgNY0LWuBkTnd1OmeQfEQdQ48fRjkQg=="],

    "@oxlint/binding-freebsd-x64": ["@oxlint/binding-freebsd-x64@1.57.0", "", { "os": "freebsd", "cpu": "x64" }, "sha512-wtQq0dCoiw4bUwlsNVDJJ3pxJA218fOezpgtLKrbQqUtQJcM9yP8z+I9fu14aHg0uyAxIY+99toL6uBa2r7nxA=="],

    "@oxlint/binding-linux-arm-gnueabihf": ["@oxlint/binding-linux-arm-gnueabihf@1.57.0", "", { "os": "linux", "cpu": "arm" }, "sha512-qxFWl2BBBFcT4djKa+OtMdnLgoHEJXpqjyGwz8OhW35ImoCwR5qtAGqApNYce5260FQqoAHW8S8eZTjiX67Tsg=="],

    "@oxlint/binding-linux-arm-musleabihf": ["@oxlint/binding-linux-arm-musleabihf@1.57.0", "", { "os": "linux", "cpu": "arm" }, "sha512-SQoIsBU7J0bDW15/f0/RvxHfY3Y0+eB/caKBQtNFbuerTiA6JCYx9P1MrrFTwY2dTm/lMgTSgskvCEYk2AtG/Q=="],

    "@oxlint/binding-linux-arm64-gnu": ["@oxlint/binding-linux-arm64-gnu@1.57.0", "", { "os": "linux", "cpu": "arm64" }, "sha512-jqxYd1W6WMeozsCmqe9Rzbu3SRrGTyGDAipRlRggetyYbUksJqJKvUNTQtZR/KFoJPb+grnSm5SHhdWrywv3RQ=="],

    "@oxlint/binding-linux-arm64-musl": ["@oxlint/binding-linux-arm64-musl@1.57.0", "", { "os": "linux", "cpu": "arm64" }, "sha512-i66WyEPVEvq9bxRUCJ/MP5EBfnTDN3nhwEdFZFTO5MmLLvzngfWEG3NSdXQzTT3vk5B9i6C2XSIYBh+aG6uqyg=="],

    "@oxlint/binding-linux-ppc64-gnu": ["@oxlint/binding-linux-ppc64-gnu@1.57.0", "", { "os": "linux", "cpu": "ppc64" }, "sha512-oMZDCwz4NobclZU3pH+V1/upVlJZiZvne4jQP+zhJwt+lmio4XXr4qG47CehvrW1Lx2YZiIHuxM2D4YpkG3KVA=="],

    "@oxlint/binding-linux-riscv64-gnu": ["@oxlint/binding-linux-riscv64-gnu@1.57.0", "", { "os": "linux", "cpu": "none" }, "sha512-uoBnjJ3MMEBbfnWC1jSFr7/nSCkcQYa72NYoNtLl1imshDnWSolYCjzb8LVCwYCCfLJXD+0gBLD7fyC14c0+0g=="],

    "@oxlint/binding-linux-riscv64-musl": ["@oxlint/binding-linux-riscv64-musl@1.57.0", "", { "os": "linux", "cpu": "none" }, "sha512-BdrwD7haPZ8a9KrZhKJRSj6jwCor+Z8tHFZ3PT89Y3Jq5v3LfMfEePeAmD0LOTWpiTmzSzdmyw9ijneapiVHKQ=="],

    "@oxlint/binding-linux-s390x-gnu": ["@oxlint/binding-linux-s390x-gnu@1.57.0", "", { "os": "linux", "cpu": "s390x" }, "sha512-BNs+7ZNsRstVg2tpNxAXfMX/Iv5oZh204dVyb8Z37+/gCh+yZqNTlg6YwCLIMPSk5wLWIGOaQjT0GUOahKYImw=="],

    "@oxlint/binding-linux-x64-gnu": ["@oxlint/binding-linux-x64-gnu@1.57.0", "", { "os": "linux", "cpu": "x64" }, "sha512-AghS18w+XcENcAX0+BQGLiqjpqpaxKJa4cWWP0OWNLacs27vHBxu7TYkv9LUSGe5w8lOJHeMxcYfZNOAPqw2bg=="],

    "@oxlint/binding-linux-x64-musl": ["@oxlint/binding-linux-x64-musl@1.57.0", "", { "os": "linux", "cpu": "x64" }, "sha512-E/FV3GB8phu/Rpkhz5T96hAiJlGzn91qX5yj5gU754P5cmVGXY1Jw/VSjDSlZBCY3VHjsVLdzgdkJaomEmcNOg=="],

    "@oxlint/binding-openharmony-arm64": ["@oxlint/binding-openharmony-arm64@1.57.0", "", { "os": "none", "cpu": "arm64" }, "sha512-xvZ2yZt0nUVfU14iuGv3V25jpr9pov5N0Wr28RXnHFxHCRxNDMtYPHV61gGLhN9IlXM96gI4pyYpLSJC5ClLCQ=="],

    "@oxlint/binding-win32-arm64-msvc": ["@oxlint/binding-win32-arm64-msvc@1.57.0", "", { "os": "win32", "cpu": "arm64" }, "sha512-Z4D8Pd0AyHBKeazhdIXeUUy5sIS3Mo0veOlzlDECg6PhRRKgEsBJCCV1n+keUZtQ04OP+i7+itS3kOykUyNhDg=="],

    "@oxlint/binding-win32-ia32-msvc": ["@oxlint/binding-win32-ia32-msvc@1.57.0", "", { "os": "win32", "cpu": "ia32" }, "sha512-StOZ9nFMVKvevicbQfql6Pouu9pgbeQnu60Fvhz2S6yfMaii+wnueLnqQ5I1JPgNF0Syew4voBlAaHD13wH6tw=="],

    "@oxlint/binding-win32-x64-msvc": ["@oxlint/binding-win32-x64-msvc@1.57.0", "", { "os": "win32", "cpu": "x64" }, "sha512-6PuxhYgth8TuW0+ABPOIkGdBYw+qYGxgIdXPHSVpiCDm+hqTTWCmC739St1Xni0DJBt8HnSHTG67i1y6gr8qrA=="],

    "@repeaterjs/repeater": ["@repeaterjs/repeater@3.0.6", "", {}, "sha512-Javneu5lsuhwNCryN+pXH93VPQ8g0dBX7wItHFgYiwQmzE1sVdg5tWHiOgHywzL2W21XQopa7IwIEnNbmeUJYA=="],

    "@ts-morph/common": ["@ts-morph/common@0.28.1", "", { "dependencies": { "minimatch": "^10.0.1", "path-browserify": "^1.0.1", "tinyglobby": "^0.2.14" } }, "sha512-W74iWf7ILp1ZKNYXY5qbddNaml7e9Sedv5lvU1V8lftlitkc9Pq1A+jlH23ltDgWYeZFFEqGCD1Ies9hqu3O+g=="],

    "@types/bun": ["@types/bun@1.3.11", "", { "dependencies": { "bun-types": "1.3.11" } }, "sha512-5vPne5QvtpjGpsGYXiFyycfpDF2ECyPcTSsFBMa0fraoxiQyMJ3SmuQIGhzPg2WJuWxVBoxWJ2kClYTcw/4fAg=="],

    "@types/node": ["@types/node@25.5.0", "", { "dependencies": { "undici-types": "~7.18.0" } }, "sha512-jp2P3tQMSxWugkCUKLRPVUpGaL5MVFwF8RDuSRztfwgN1wmqJeMSbKlnEtQqU8UrhTmzEmZdu2I6v2dpp7XIxw=="],

    "@types/ws": ["@types/ws@8.18.1", "", { "dependencies": { "@types/node": "*" } }, "sha512-ThVF6DCVhA8kUGy+aazFQ4kXQ7E1Ty7A3ypFOe0IcJV8O/M511G99AW24irKrW56Wt44yG9+ij8FaqoBGkuBXg=="],

    "@whatwg-node/disposablestack": ["@whatwg-node/disposablestack@0.0.6", "", { "dependencies": { "@whatwg-node/promise-helpers": "^1.0.0", "tslib": "^2.6.3" } }, "sha512-LOtTn+JgJvX8WfBVJtF08TGrdjuFzGJc4mkP8EdDI8ADbvO7kiexYep1o8dwnt0okb0jYclCDXF13xU7Ge4zSw=="],

    "@whatwg-node/fetch": ["@whatwg-node/fetch@0.10.13", "", { "dependencies": { "@whatwg-node/node-fetch": "^0.8.3", "urlpattern-polyfill": "^10.0.0" } }, "sha512-b4PhJ+zYj4357zwk4TTuF2nEe0vVtOrwdsrNo5hL+u1ojXNhh1FgJ6pg1jzDlwlT4oBdzfSwaBwMCtFCsIWg8Q=="],

    "@whatwg-node/node-fetch": ["@whatwg-node/node-fetch@0.8.5", "", { "dependencies": { "@fastify/busboy": "^3.1.1", "@whatwg-node/disposablestack": "^0.0.6", "@whatwg-node/promise-helpers": "^1.3.2", "tslib": "^2.6.3" } }, "sha512-4xzCl/zphPqlp9tASLVeUhB5+WJHbuWGYpfoC2q1qh5dw0AqZBW7L27V5roxYWijPxj4sspRAAoOH3d2ztaHUQ=="],

    "@whatwg-node/promise-helpers": ["@whatwg-node/promise-helpers@1.3.2", "", { "dependencies": { "tslib": "^2.6.3" } }, "sha512-Nst5JdK47VIl9UcGwtv2Rcgyn5lWtZ0/mhRQ4G8NN2isxpq2TO30iqHzmwoJycjWuyUfg3GFXqP/gFHXeV57IA=="],

    "argparse": ["argparse@2.0.1", "", {}, "sha512-8+9WqebbFzpX9OR+Wa6O29asIogeRMzcGtAINdpMHHyAg10f05aSFVBbcEqGf/PXw1EjAZ+q2/bEBg3DvurK3Q=="],

    "array-union": ["array-union@2.1.0", "", {}, "sha512-HGyxoOTYUyCM6stUe6EJgnd4EoewAI7zMdfqO+kGjnlZmBDz/cR5pf8r/cR4Wq60sL/p0IkcjUEEPwS3GFrIyw=="],

    "balanced-match": ["balanced-match@4.0.4", "", {}, "sha512-BLrgEcRTwX2o6gGxGOCNyMvGSp35YofuYzw9h1IMTRmKqttAZZVU67bdb9Pr2vUHA8+j3i2tJfjO6C6+4myGTA=="],

    "brace-expansion": ["brace-expansion@5.0.4", "", { "dependencies": { "balanced-match": "^4.0.2" } }, "sha512-h+DEnpVvxmfVefa4jFbCf5HdH5YMDXRsmKflpf1pILZWRFlTbJpxeU55nJl4Smt5HQaGzg1o6RHFPJaOqnmBDg=="],

    "braces": ["braces@3.0.3", "", { "dependencies": { "fill-range": "^7.1.1" } }, "sha512-yQbXgO/OSZVD2IsiLlro+7Hf6Q18EJrKSEsdoMzKePKXct3gvD8oLcOQdIzGupr5Fj+EDe8gO/lxc1BzfMpxvA=="],

    "bun-types": ["bun-types@1.3.11", "", { "dependencies": { "@types/node": "*" } }, "sha512-1KGPpoxQWl9f6wcZh57LvrPIInQMn2TQ7jsgxqpRzg+l0QPOFvJVH7HmvHo/AiPgwXy+/Thf6Ov3EdVn1vOabg=="],

    "callsites": ["callsites@3.1.0", "", {}, "sha512-P8BjAsXvZS+VIDUI11hHCQEv74YT67YUi5JJFNWIqL235sBmjX4+qx9Muvls5ivyNENctx46xQLQ3aTuE7ssaQ=="],

    "chalk": ["chalk@5.6.2", "", {}, "sha512-7NzBL0rN6fMUW+f7A6Io4h40qQlG+xGmtMxfbnH/K7TAtt8JQWVQK+6g0UXKMeVJoyV5EkkNsErQ8pVD3bLHbA=="],

    "code-block-writer": ["code-block-writer@13.0.3", "", {}, "sha512-Oofo0pq3IKnsFtuHqSF7TqBfr71aeyZDVJ0HpmqB7FBM2qEigL0iPONSCZSO9pE9dZTAxANe5XHG9Uy0YMv8cg=="],

    "commander": ["commander@14.0.3", "", {}, "sha512-H+y0Jo/T1RZ9qPP4Eh1pkcQcLRglraJaSLoyOtHxu6AapkjWVCy2Sit1QQ4x3Dng8qDlSsZEet7g5Pq06MvTgw=="],

    "cosmiconfig": ["cosmiconfig@8.3.6", "", { "dependencies": { "import-fresh": "^3.3.0", "js-yaml": "^4.1.0", "parse-json": "^5.2.0", "path-type": "^4.0.0" }, "peerDependencies": { "typescript": ">=4.9.5" }, "optionalPeers": ["typescript"] }, "sha512-kcZ6+W5QzcJ3P1Mt+83OUv/oHFqZHIx8DuxG6eZ5RGMERoLqp4BuGjhHLYGK+Kf5XVkQvqBSmAy/nGWN3qDgEA=="],

    "cross-inspect": ["cross-inspect@1.0.1", "", { "dependencies": { "tslib": "^2.4.0" } }, "sha512-Pcw1JTvZLSJH83iiGWt6fRcT+BjZlCDRVwYLbUcHzv/CRpB7r0MlSrGbIyQvVSNyGnbt7G4AXuyCiDR3POvZ1A=="],

    "data-uri-to-buffer": ["data-uri-to-buffer@4.0.1", "", {}, "sha512-0R9ikRb668HB7QDxT1vkpuUBtqc53YyAwMwGeUFKRojY/NWKvdZ+9UYtRfGmhqNbRkTSVpMbmyhXipFFv2cb/A=="],

    "dataloader": ["dataloader@2.2.3", "", {}, "sha512-y2krtASINtPFS1rSDjacrFgn1dcUuoREVabwlOGOe4SdxenREqwjwjElAdwvbGM7kgZz9a3KVicWR7vcz8rnzA=="],

    "dir-glob": ["dir-glob@3.0.1", "", { "dependencies": { "path-type": "^4.0.0" } }, "sha512-WkrWp9GR4KXfKGYzOLmTuGVi1UWFfws377n9cc55/tb6DuqyF6pcQ5AbiHEshaDpY9v6oaSr2XCDidGmMwdzIA=="],

    "error-ex": ["error-ex@1.3.4", "", { "dependencies": { "is-arrayish": "^0.2.1" } }, "sha512-sqQamAnR14VgCr1A618A3sGrygcpK+HEbenA/HiEAkkUwcZIIB/tgWqHFxWgOyDh4nB4JCRimh79dR5Ywc9MDQ=="],

    "fast-glob": ["fast-glob@3.3.3", "", { "dependencies": { "@nodelib/fs.stat": "^2.0.2", "@nodelib/fs.walk": "^1.2.3", "glob-parent": "^5.1.2", "merge2": "^1.3.0", "micromatch": "^4.0.8" } }, "sha512-7MptL8U0cqcFdzIzwOTHoilX9x5BrNqye7Z/LuC7kCMRio1EMSyqRK3BEAUD7sXRq4iT4AzTVuZdhgQ2TCvYLg=="],

    "fastq": ["fastq@1.20.1", "", { "dependencies": { "reusify": "^1.0.4" } }, "sha512-GGToxJ/w1x32s/D2EKND7kTil4n8OVk/9mycTc4VDza13lOvpUZTGX3mFSCtV9ksdGBVzvsyAVLM6mHFThxXxw=="],

    "fdir": ["fdir@6.5.0", "", { "peerDependencies": { "picomatch": "^3 || ^4" }, "optionalPeers": ["picomatch"] }, "sha512-tIbYtZbucOs0BRGqPJkshJUYdL+SDH7dVM8gjy+ERp3WAUjLEFJE+02kanyHtwjWOnwrKYBiwAmM0p4kLJAnXg=="],

    "fetch-blob": ["fetch-blob@3.2.0", "", { "dependencies": { "node-domexception": "^1.0.0", "web-streams-polyfill": "^3.0.3" } }, "sha512-7yAQpD2UMJzLi1Dqv7qFYnPbaPx7ZfFK6PiIxQ4PfkGPyNyl2Ugx+a/umUonmKqjhM4DnfbMvdX6otXq83soQQ=="],

    "fill-range": ["fill-range@7.1.1", "", { "dependencies": { "to-regex-range": "^5.0.1" } }, "sha512-YsGpe3WHLK8ZYi4tWDg2Jy3ebRz2rXowDxnld4bkQB00cc/1Zw9AWnC0i9ztDJitivtQvaI9KaLyKrc+hBW0yg=="],

    "formdata-polyfill": ["formdata-polyfill@4.0.10", "", { "dependencies": { "fetch-blob": "^3.1.2" } }, "sha512-buewHzMvYL29jdeQTVILecSaZKnt/RJWjoZCF5OW60Z67/GmSLBkOFM7qh1PI3zFNtJbaZL5eQu1vLfazOwj4g=="],

    "glob-parent": ["glob-parent@5.1.2", "", { "dependencies": { "is-glob": "^4.0.1" } }, "sha512-AOIgSQCepiJYwP3ARnGx+5VnTu2HBYdzbGP45eLw1vr3zB3vZLeyed1sC9hnbcOc9/SrMyM5RPQrkGz4aS9Zow=="],

    "globby": ["globby@11.1.0", "", { "dependencies": { "array-union": "^2.1.0", "dir-glob": "^3.0.1", "fast-glob": "^3.2.9", "ignore": "^5.2.0", "merge2": "^1.4.1", "slash": "^3.0.0" } }, "sha512-jhIXaOzy1sb8IyocaruWSn1TjmnBVs8Ayhcy83rmxNJ8q2uWKCAj3CnJY+KpGSXCueAPc0i05kVvVKtP1t9S3g=="],

    "graphql": ["graphql@16.13.2", "", {}, "sha512-5bJ+nf/UCpAjHM8i06fl7eLyVC9iuNAjm9qzkiu2ZGhM0VscSvS6WDPfAwkdkBuoXGM9FJSbKl6wylMwP9Ktig=="],

    "graphql-config": ["graphql-config@5.1.6", "", { "dependencies": { "@graphql-tools/graphql-file-loader": "^8.0.0", "@graphql-tools/json-file-loader": "^8.0.0", "@graphql-tools/load": "^8.1.0", "@graphql-tools/merge": "^9.0.0", "@graphql-tools/url-loader": "^9.0.0", "@graphql-tools/utils": "^11.0.0", "cosmiconfig": "^8.1.0", "jiti": "^2.0.0", "minimatch": "^10.0.0", "string-env-interpolation": "^1.0.1", "tslib": "^2.4.0" }, "peerDependencies": { "cosmiconfig-toml-loader": "^1.0.0", "graphql": "^0.11.0 || ^0.12.0 || ^0.13.0 || ^14.0.0 || ^15.0.0 || ^16.0.0" }, "optionalPeers": ["cosmiconfig-toml-loader"] }, "sha512-fCkYnm4Kdq3un0YIM4BCZHVR5xl0UeLP6syxxO7KAstdY7QVyVvTHP0kRPDYEP1v08uwtJVgis5sj3IOTLOniQ=="],

    "graphql-ws": ["graphql-ws@6.0.7", "", { "peerDependencies": { "@fastify/websocket": "^10 || ^11", "crossws": "~0.3", "graphql": "^15.10.1 || ^16", "ws": "^8" }, "optionalPeers": ["@fastify/websocket", "crossws", "ws"] }, "sha512-yoLRW+KRlDmnnROdAu7sX77VNLC0bsFoZyGQJLy1cF+X/SkLg/fWkRGrEEYQK8o2cafJ2wmEaMqMEZB3U3DYDg=="],

    "ignore": ["ignore@5.3.2", "", {}, "sha512-hsBTNUqQTDwkWtcdYI2i06Y/nUBEsNEDJKjWdigLvegy8kDuJAS8uRlpkkcQpyEXL0Z/pjDy5HBmMjRCJ2gq+g=="],

    "import-fresh": ["import-fresh@3.3.1", "", { "dependencies": { "parent-module": "^1.0.0", "resolve-from": "^4.0.0" } }, "sha512-TR3KfrTZTYLPB6jUjfx6MF9WcWrHL9su5TObK4ZkYgBdWKPOFoSoQIdEuTuR82pmtxH2spWG9h6etwfr1pLBqQ=="],

    "is-arrayish": ["is-arrayish@0.2.1", "", {}, "sha512-zz06S8t0ozoDXMG+ube26zeCTNXcKIPJZJi8hBrF4idCLms4CG9QtK7qBl1boi5ODzFpjswb5JPmHCbMpjaYzg=="],

    "is-extglob": ["is-extglob@2.1.1", "", {}, "sha512-SbKbANkN603Vi4jEZv49LeVJMn4yGwsbzZworEoyEiutsN3nJYdbO36zfhGJ6QEDpOZIFkDtnq5JRxmvl3jsoQ=="],

    "is-glob": ["is-glob@4.0.3", "", { "dependencies": { "is-extglob": "^2.1.1" } }, "sha512-xelSayHH36ZgE7ZWhli7pW34hNbNl8Ojv5KVmkJD4hBdD3th8Tfk9vYasLM+mXWOZhFkgZfxhLSnrwRr4elSSg=="],

    "is-number": ["is-number@7.0.0", "", {}, "sha512-41Cifkg6e8TylSpdtTpeLVMqvSBEVzTttHvERD741+pnZ8ANv0004MRL43QKPDlK9cGvNp6NZWZUBlbGXYxxng=="],

    "isomorphic-ws": ["isomorphic-ws@5.0.0", "", { "peerDependencies": { "ws": "*" } }, "sha512-muId7Zzn9ywDsyXgTIafTry2sV3nySZeUDe6YedVd1Hvuuep5AsIlqK+XefWpYTyJG5e503F2xIuT2lcU6rCSw=="],

    "isows": ["isows@1.0.7", "", { "peerDependencies": { "ws": "*" } }, "sha512-I1fSfDCZL5P0v33sVqeTDSpcstAg/N+wF5HS033mogOVIp4B+oHC7oOCsA3axAbBSGTJ8QubbNmnIRN/h8U7hg=="],

    "jiti": ["jiti@2.6.1", "", { "bin": { "jiti": "lib/jiti-cli.mjs" } }, "sha512-ekilCSN1jwRvIbgeg/57YFh8qQDNbwDb9xT/qu2DAHbFFZUicIl4ygVaAvzveMhMVr3LnpSKTNnwt8PoOfmKhQ=="],

    "js-tokens": ["js-tokens@4.0.0", "", {}, "sha512-RdJUflcE3cUzKiMqQgsCu06FPu9UdIJO0beYbPhHN4k6apgJtifcoCtT9bcxOpYBtpD2kCM6Sbzg4CausW/PKQ=="],

    "js-yaml": ["js-yaml@4.1.1", "", { "dependencies": { "argparse": "^2.0.1" }, "bin": { "js-yaml": "bin/js-yaml.js" } }, "sha512-qQKT4zQxXl8lLwBtHMWwaTcGfFOZviOJet3Oy/xmGk2gZH677CJM9EvtfdSkgWcATZhj/55JZ0rmy3myCT5lsA=="],

    "json-parse-even-better-errors": ["json-parse-even-better-errors@2.3.1", "", {}, "sha512-xyFwyhro/JEof6Ghe2iz2NcXoj2sloNsWr/XsERDK/oiPCfaNhl5ONfp+jQdAZRQQ0IJWNzH9zIZF7li91kh2w=="],

    "lines-and-columns": ["lines-and-columns@1.2.4", "", {}, "sha512-7ylylesZQ/PV29jhEDl3Ufjo6ZX7gCqJr5F7PKrqc93v7fzSymt1BpwEU8nAUXs8qzzvqhbjhK5QZg6Mt/HkBg=="],

    "merge2": ["merge2@1.4.1", "", {}, "sha512-8q7VEgMJW4J8tcfVPy8g09NcQwZdbwFEqhe/WZkoIzjn/3TGDwtOCYtXGxA3O8tPzpczCCDgv+P2P5y00ZJOOg=="],

    "meros": ["meros@1.3.2", "", { "peerDependencies": { "@types/node": ">=13" }, "optionalPeers": ["@types/node"] }, "sha512-Q3mobPbvEx7XbwhnC1J1r60+5H6EZyNccdzSz0eGexJRwouUtTZxPVRGdqKtxlpD84ScK4+tIGldkqDtCKdI0A=="],

    "micromatch": ["micromatch@4.0.8", "", { "dependencies": { "braces": "^3.0.3", "picomatch": "^2.3.1" } }, "sha512-PXwfBhYu0hBCPw8Dn0E+WDYb7af3dSLVWKi3HGv84IdF4TyFoC0ysxFd0Goxw7nSv4T/PzEJQxsYsEiFCKo2BA=="],

    "minimatch": ["minimatch@10.2.4", "", { "dependencies": { "brace-expansion": "^5.0.2" } }, "sha512-oRjTw/97aTBN0RHbYCdtF1MQfvusSIBQM0IZEgzl6426+8jSC0nF1a/GmnVLpfB9yyr6g6FTqWqiZVbxrtaCIg=="],

    "node-domexception": ["node-domexception@1.0.0", "", {}, "sha512-/jKZoMpw0F8GRwl4/eLROPA3cfcXtLApP0QzLmUT/HuPCZWyB7IY9ZrMeKw2O/nFIqPQB3PVM9aYm0F312AXDQ=="],

    "node-fetch": ["node-fetch@3.3.2", "", { "dependencies": { "data-uri-to-buffer": "^4.0.0", "fetch-blob": "^3.1.4", "formdata-polyfill": "^4.0.10" } }, "sha512-dRB78srN/l6gqWulah9SrxeYnxeddIG30+GOqK/9OlLVyLg3HPnr6SqOWTWOXKRwC2eGYCkZ59NNuSgvSrpgOA=="],

    "normalize-path": ["normalize-path@2.1.1", "", { "dependencies": { "remove-trailing-separator": "^1.0.1" } }, "sha512-3pKJwH184Xo/lnH6oyP1q2pMd7HcypqqmRs91/6/i2CGtWwIKGCkOOMTm/zXbgTEWHw1uNpNi/igc3ePOYHb6w=="],

    "oxlint": ["oxlint@1.57.0", "", { "optionalDependencies": { "@oxlint/binding-android-arm-eabi": "1.57.0", "@oxlint/binding-android-arm64": "1.57.0", "@oxlint/binding-darwin-arm64": "1.57.0", "@oxlint/binding-darwin-x64": "1.57.0", "@oxlint/binding-freebsd-x64": "1.57.0", "@oxlint/binding-linux-arm-gnueabihf": "1.57.0", "@oxlint/binding-linux-arm-musleabihf": "1.57.0", "@oxlint/binding-linux-arm64-gnu": "1.57.0", "@oxlint/binding-linux-arm64-musl": "1.57.0", "@oxlint/binding-linux-ppc64-gnu": "1.57.0", "@oxlint/binding-linux-riscv64-gnu": "1.57.0", "@oxlint/binding-linux-riscv64-musl": "1.57.0", "@oxlint/binding-linux-s390x-gnu": "1.57.0", "@oxlint/binding-linux-x64-gnu": "1.57.0", "@oxlint/binding-linux-x64-musl": "1.57.0", "@oxlint/binding-openharmony-arm64": "1.57.0", "@oxlint/binding-win32-arm64-msvc": "1.57.0", "@oxlint/binding-win32-ia32-msvc": "1.57.0", "@oxlint/binding-win32-x64-msvc": "1.57.0" }, "peerDependencies": { "oxlint-tsgolint": ">=0.15.0" }, "optionalPeers": ["oxlint-tsgolint"], "bin": { "oxlint": "bin/oxlint" } }, "sha512-DGFsuBX5MFZX9yiDdtKjTrYPq45CZ8Fft6qCltJITYZxfwYjVdGf/6wycGYTACloauwIPxUnYhBVeZbHvleGhw=="],

    "p-limit": ["p-limit@3.1.0", "", { "dependencies": { "yocto-queue": "^0.1.0" } }, "sha512-TYOanM3wGwNGsZN2cVTYPArw454xnXj5qmWF1bEoAc4+cU/ol7GVh7odevjp1FNHduHc3KZMcFduxU5Xc6uJRQ=="],

    "parent-module": ["parent-module@1.0.1", "", { "dependencies": { "callsites": "^3.0.0" } }, "sha512-GQ2EWRpQV8/o+Aw8YqtfZZPfNRWZYkbidE9k5rpl/hC3vtHHBfGm2Ifi6qWV+coDGkrUKZAxE3Lot5kcsRlh+g=="],

    "parse-json": ["parse-json@5.2.0", "", { "dependencies": { "@babel/code-frame": "^7.0.0", "error-ex": "^1.3.1", "json-parse-even-better-errors": "^2.3.0", "lines-and-columns": "^1.1.6" } }, "sha512-ayCKvm/phCGxOkYRSCM82iDwct8/EonSEgCSxWxD7ve6jHggsFl4fZVQBPRNgQoKiuV/odhFrGzQXZwbifC8Rg=="],

    "path-browserify": ["path-browserify@1.0.1", "", {}, "sha512-b7uo2UCUOYZcnF/3ID0lulOJi/bafxa1xPe7ZPsammBSpjSWQkjNxlt635YGS2MiR9GjvuXCtz2emr3jbsz98g=="],

    "path-type": ["path-type@4.0.0", "", {}, "sha512-gDKb8aZMDeD/tZWs9P6+q0J9Mwkdl6xMV8TjnGP3qJVJ06bdMgkbBlLU8IdfOsIsFz2BW1rNVT3XuNEl8zPAvw=="],

    "picocolors": ["picocolors@1.1.1", "", {}, "sha512-xceH2snhtb5M9liqDsmEw56le376mTZkEX/jEb/RxNFyegNul7eNslCXP9FDj/Lcu0X8KEyMceP2ntpaHrDEVA=="],

    "picomatch": ["picomatch@4.0.4", "", {}, "sha512-QP88BAKvMam/3NxH6vj2o21R6MjxZUAd6nlwAS/pnGvN9IVLocLHxGYIzFhg6fUQ+5th6P4dv4eW9jX3DSIj7A=="],

    "queue-microtask": ["queue-microtask@1.2.3", "", {}, "sha512-NuaNSa6flKT5JaSYQzJok04JzTL1CA6aGhv5rfLW3PgqA+M2ChpZQnAC8h8i4ZFkBS8X5RqkDBHA7r4hej3K9A=="],

    "remove-trailing-separator": ["remove-trailing-separator@1.1.0", "", {}, "sha512-/hS+Y0u3aOfIETiaiirUFwDBDzmXPvO+jAfKTitUngIPzdKc6Z0LoFjM/CK5PL4C+eKwHohlHAb6H0VFfmmUsw=="],

    "resolve-from": ["resolve-from@5.0.0", "", {}, "sha512-qYg9KP24dD5qka9J47d0aVky0N+b4fTU89LN9iDnjB5waksiC49rvMB0PrUJQGoTmH50XPiqOvAjDfaijGxYZw=="],

    "reusify": ["reusify@1.1.0", "", {}, "sha512-g6QUff04oZpHs0eG5p83rFLhHeV00ug/Yf9nZM6fLeUrPguBTkTQOdpAWWspMh55TZfVQDPaN3NQJfbVRAxdIw=="],

    "run-parallel": ["run-parallel@1.2.0", "", { "dependencies": { "queue-microtask": "^1.2.2" } }, "sha512-5l4VyZR86LZ/lDxZTR6jqL8AFE2S0IFLMP26AbjsLVADxHdhB/c0GUsH+y39UfCi3dzz8OlQuPmnaJOMoDHQBA=="],

    "slash": ["slash@3.0.0", "", {}, "sha512-g9Q1haeby36OSStwb4ntCGGGaKsaVSjQ68fBxoQcutl5fS1vuY18H3wSt3jFyFtrkx+Kz0V1G85A4MyAdDMi2Q=="],

    "string-env-interpolation": ["string-env-interpolation@1.0.1", "", {}, "sha512-78lwMoCcn0nNu8LszbP1UA7g55OeE4v7rCeWnM5B453rnNr4aq+5it3FEYtZrSEiMvHZOZ9Jlqb0OD0M2VInqg=="],

    "sync-fetch": ["sync-fetch@0.6.0", "", { "dependencies": { "node-fetch": "^3.3.2", "timeout-signal": "^2.0.0", "whatwg-mimetype": "^4.0.0" } }, "sha512-IELLEvzHuCfc1uTsshPK58ViSdNqXxlml1U+fmwJIKLYKOr/rAtBrorE2RYm5IHaMpDNlmC0fr1LAvdXvyheEQ=="],

    "timeout-signal": ["timeout-signal@2.0.0", "", {}, "sha512-YBGpG4bWsHoPvofT6y/5iqulfXIiIErl5B0LdtHT1mGXDFTAhhRrbUpTvBgYbovr+3cKblya2WAOcpoy90XguA=="],

    "tinyglobby": ["tinyglobby@0.2.15", "", { "dependencies": { "fdir": "^6.5.0", "picomatch": "^4.0.3" } }, "sha512-j2Zq4NyQYG5XMST4cbs02Ak8iJUdxRM0XI5QyxXuZOzKOINmWurp3smXu3y5wDcJrptwpSjgXHzIQxR0omXljQ=="],

    "to-regex-range": ["to-regex-range@5.0.1", "", { "dependencies": { "is-number": "^7.0.0" } }, "sha512-65P7iz6X5yEr1cwcgvQxbbIw7Uk3gOy5dIdtZ4rDveLqhrdJP+Li/Hx6tyK0NEb+2GCyneCMJiGqrADCSNk8sQ=="],

    "ts-morph": ["ts-morph@27.0.2", "", { "dependencies": { "@ts-morph/common": "~0.28.1", "code-block-writer": "^13.0.3" } }, "sha512-fhUhgeljcrdZ+9DZND1De1029PrE+cMkIP7ooqkLRTrRLTqcki2AstsyJm0vRNbTbVCNJ0idGlbBrfqc7/nA8w=="],

    "tslib": ["tslib@2.8.1", "", {}, "sha512-oJFu94HQb+KVduSUQL7wnpmqnfmLsOA/nAh6b6EH0wCEoK0/mPeXU6c3wKDV83MkOuHPRHtSXKKU99IBazS/2w=="],

    "typescript": ["typescript@5.9.3", "", { "bin": { "tsc": "bin/tsc", "tsserver": "bin/tsserver" } }, "sha512-jl1vZzPDinLr9eUt3J/t7V6FgNEw9QjvBPdysz9KfQDD41fQrC2Y4vKQdiaUpFT4bXlb1RHhLpp8wtm6M5TgSw=="],

    "undici-types": ["undici-types@7.18.2", "", {}, "sha512-AsuCzffGHJybSaRrmr5eHr81mwJU3kjw6M+uprWvCXiNeN9SOGwQ3Jn8jb8m3Z6izVgknn1R0FTCEAP2QrLY/w=="],

    "unixify": ["unixify@1.0.0", "", { "dependencies": { "normalize-path": "^2.1.1" } }, "sha512-6bc58dPYhCMHHuwxldQxO3RRNZ4eCogZ/st++0+fcC1nr0jiGUtAdBJ2qzmLQWSxbtz42pWt4QQMiZ9HvZf5cg=="],

    "urlpattern-polyfill": ["urlpattern-polyfill@10.1.0", "", {}, "sha512-IGjKp/o0NL3Bso1PymYURCJxMPNAf/ILOpendP9f5B6e1rTJgdgiOvgfoT8VxCAdY+Wisb9uhGaJJf3yZ2V9nw=="],

    "web-streams-polyfill": ["web-streams-polyfill@3.3.3", "", {}, "sha512-d2JWLCivmZYTSIoge9MsgFCZrt571BikcWGYkjC1khllbTeDlGqZ2D8vD8E/lJa8WGWbb7Plm8/XJYV7IJHZZw=="],

    "whatwg-mimetype": ["whatwg-mimetype@4.0.0", "", {}, "sha512-QaKxh0eNIi2mE9p2vEdzfagOKHCcj1pJ56EEHGQOVxp8r9/iszLUUV7v89x9O1p/T+NlTM5W7jW6+cz4Fq1YVg=="],

    "ws": ["ws@8.20.0", "", { "peerDependencies": { "bufferutil": "^4.0.1", "utf-8-validate": ">=5.0.2" }, "optionalPeers": ["bufferutil", "utf-8-validate"] }, "sha512-sAt8BhgNbzCtgGbt2OxmpuryO63ZoDk/sqaB/znQm94T4fCEsy/yV+7CdC1kJhOU9lboAEU7R3kquuycDoibVA=="],

    "yocto-queue": ["yocto-queue@0.1.0", "", {}, "sha512-rVksvsnNCdJ/ohGc6xgPwyN8eheCxsiLM8mxuE/t/mOVqJewPuO1miLpTHQiRgTKCLexL4MeAFVagts7HmNZ2Q=="],

    "import-fresh/resolve-from": ["resolve-from@4.0.0", "", {}, "sha512-pb/MYmXstAkysRFx8piNI1tGFNQIFA3vkE3Gq4EuA1dF6gHp/+vgZqsCGJapvy8N3Q+4o7FwvquPJcnZ7RYy4g=="],

    "micromatch/picomatch": ["picomatch@2.3.2", "", {}, "sha512-V7+vQEJ06Z+c5tSye8S+nHUfI51xoXIXjHQ99cQtKUkQqqO1kO/KCJUfZXuB47h/YBlDhah2H3hdUGXn8ie0oA=="],
  }
}
